// !$*UTF8*$!
{
	archiveVersion = 1;
	classes = {
	};
	objectVersion = 56;
	objects = {

/* Begin PBXBuildFile section */
		03C02E812AA6689800DA26BD /* DraughtsAppApp.swift in Sources */ = {isa = PBXBuildFile; fileRef = 03C02E802AA6689800DA26BD /* DraughtsAppApp.swift */; };
		03C02E832AA6689800DA26BD /* WelcomeView.swift in Sources */ = {isa = PBXBuildFile; fileRef = 03C02E822AA6689800DA26BD /* WelcomeView.swift */; };
		03C02E852AA6689B00DA26BD /* Assets.xcassets in Resources */ = {isa = PBXBuildFile; fileRef = 03C02E842AA6689B00DA26BD /* Assets.xcassets */; };
		03C02E882AA6689B00DA26BD /* Preview Assets.xcassets in Resources */ = {isa = PBXBuildFile; fileRef = 03C02E872AA6689B00DA26BD /* Preview Assets.xcassets */; };
		03C02E922AA6689B00DA26BD /* DraughtsAppTests.swift in Sources */ = {isa = PBXBuildFile; fileRef = 03C02E912AA6689B00DA26BD /* DraughtsAppTests.swift */; };
		03C02E9C2AA6689B00DA26BD /* DraughtsAppUITests.swift in Sources */ = {isa = PBXBuildFile; fileRef = 03C02E9B2AA6689B00DA26BD /* DraughtsAppUITests.swift */; };
		03C02E9E2AA6689B00DA26BD /* DraughtsAppUITestsLaunchTests.swift in Sources */ = {isa = PBXBuildFile; fileRef = 03C02E9D2AA6689B00DA26BD /* DraughtsAppUITestsLaunchTests.swift */; };
		03C02EB52AA8EBB700DA26BD /* GameModeView.swift in Sources */ = {isa = PBXBuildFile; fileRef = 03C02EB42AA8EBB700DA26BD /* GameModeView.swift */; };
		03C02EBD2AACC17700DA26BD /* StatsView.swift in Sources */ = {isa = PBXBuildFile; fileRef = 03C02EBC2AACC17700DA26BD /* StatsView.swift */; };
		03C02EBF2AACC1E500DA26BD /* BoardView.swift in Sources */ = {isa = PBXBuildFile; fileRef = 03C02EBE2AACC1E500DA26BD /* BoardView.swift */; };
		03C02EC32AAE4D7000DA26BD /* Utils.swift in Sources */ = {isa = PBXBuildFile; fileRef = 03C02EC22AAE4D7000DA26BD /* Utils.swift */; };
/* End PBXBuildFile section */

/* Begin PBXContainerItemProxy section */
		03C02E8E2AA6689B00DA26BD /* PBXContainerItemProxy */ = {
			isa = PBXContainerItemProxy;
			containerPortal = 03C02E752AA6689800DA26BD /* Project object */;
			proxyType = 1;
			remoteGlobalIDString = 03C02E7C2AA6689800DA26BD;
			remoteInfo = DraughtsApp;
		};
		03C02E982AA6689B00DA26BD /* PBXContainerItemProxy */ = {
			isa = PBXContainerItemProxy;
			containerPortal = 03C02E752AA6689800DA26BD /* Project object */;
			proxyType = 1;
			remoteGlobalIDString = 03C02E7C2AA6689800DA26BD;
			remoteInfo = DraughtsApp;
		};
/* End PBXContainerItemProxy section */

/* Begin PBXFileReference section */
		03C02E7D2AA6689800DA26BD /* DraughtsApp.app */ = {isa = PBXFileReference; explicitFileType = wrapper.application; includeInIndex = 0; path = DraughtsApp.app; sourceTree = BUILT_PRODUCTS_DIR; };
		03C02E802AA6689800DA26BD /* DraughtsAppApp.swift */ = {isa = PBXFileReference; lastKnownFileType = sourcecode.swift; path = DraughtsAppApp.swift; sourceTree = "<group>"; };
		03C02E822AA6689800DA26BD /* WelcomeView.swift */ = {isa = PBXFileReference; lastKnownFileType = sourcecode.swift; path = WelcomeView.swift; sourceTree = "<group>"; };
		03C02E842AA6689B00DA26BD /* Assets.xcassets */ = {isa = PBXFileReference; lastKnownFileType = folder.assetcatalog; path = Assets.xcassets; sourceTree = "<group>"; };
		03C02E872AA6689B00DA26BD /* Preview Assets.xcassets */ = {isa = PBXFileReference; lastKnownFileType = folder.assetcatalog; path = "Preview Assets.xcassets"; sourceTree = "<group>"; };
		03C02E8D2AA6689B00DA26BD /* DraughtsAppTests.xctest */ = {isa = PBXFileReference; explicitFileType = wrapper.cfbundle; includeInIndex = 0; path = DraughtsAppTests.xctest; sourceTree = BUILT_PRODUCTS_DIR; };
		03C02E912AA6689B00DA26BD /* DraughtsAppTests.swift */ = {isa = PBXFileReference; lastKnownFileType = sourcecode.swift; path = DraughtsAppTests.swift; sourceTree = "<group>"; };
		03C02E972AA6689B00DA26BD /* DraughtsAppUITests.xctest */ = {isa = PBXFileReference; explicitFileType = wrapper.cfbundle; includeInIndex = 0; path = DraughtsAppUITests.xctest; sourceTree = BUILT_PRODUCTS_DIR; };
		03C02E9B2AA6689B00DA26BD /* DraughtsAppUITests.swift */ = {isa = PBXFileReference; lastKnownFileType = sourcecode.swift; path = DraughtsAppUITests.swift; sourceTree = "<group>"; };
		03C02E9D2AA6689B00DA26BD /* DraughtsAppUITestsLaunchTests.swift */ = {isa = PBXFileReference; lastKnownFileType = sourcecode.swift; path = DraughtsAppUITestsLaunchTests.swift; sourceTree = "<group>"; };
		03C02EB42AA8EBB700DA26BD /* GameModeView.swift */ = {isa = PBXFileReference; lastKnownFileType = sourcecode.swift; path = GameModeView.swift; sourceTree = "<group>"; };
		03C02EBC2AACC17700DA26BD /* StatsView.swift */ = {isa = PBXFileReference; lastKnownFileType = sourcecode.swift; path = StatsView.swift; sourceTree = "<group>"; };
		03C02EBE2AACC1E500DA26BD /* BoardView.swift */ = {isa = PBXFileReference; lastKnownFileType = sourcecode.swift; path = BoardView.swift; sourceTree = "<group>"; };
		03C02EC22AAE4D7000DA26BD /* Utils.swift */ = {isa = PBXFileReference; lastKnownFileType = sourcecode.swift; path = Utils.swift; sourceTree = "<group>"; };
/* End PBXFileReference section */

/* Begin PBXFrameworksBuildPhase section */
		03C02E7A2AA6689800DA26BD /* Frameworks */ = {
			isa = PBXFrameworksBuildPhase;
			buildActionMask = 2147483647;
			files = (
			);
			runOnlyForDeploymentPostprocessing = 0;
		};
		03C02E8A2AA6689B00DA26BD /* Frameworks */ = {
			isa = PBXFrameworksBuildPhase;
			buildActionMask = 2147483647;
			files = (
			);
			runOnlyForDeploymentPostprocessing = 0;
		};
		03C02E942AA6689B00DA26BD /* Frameworks */ = {
			isa = PBXFrameworksBuildPhase;
			buildActionMask = 2147483647;
			files = (
			);
			runOnlyForDeploymentPostprocessing = 0;
		};
/* End PBXFrameworksBuildPhase section */

/* Begin PBXGroup section */
		03C02E742AA6689800DA26BD = {
			isa = PBXGroup;
			children = (
				03C02E7F2AA6689800DA26BD /* DraughtsApp */,
				03C02E902AA6689B00DA26BD /* DraughtsAppTests */,
				03C02E9A2AA6689B00DA26BD /* DraughtsAppUITests */,
				03C02E7E2AA6689800DA26BD /* Products */,
			);
			sourceTree = "<group>";
		};
		03C02E7E2AA6689800DA26BD /* Products */ = {
			isa = PBXGroup;
			children = (
				03C02E7D2AA6689800DA26BD /* DraughtsApp.app */,
				03C02E8D2AA6689B00DA26BD /* DraughtsAppTests.xctest */,
				03C02E972AA6689B00DA26BD /* DraughtsAppUITests.xctest */,
			);
			name = Products;
			sourceTree = "<group>";
		};
		03C02E7F2AA6689800DA26BD /* DraughtsApp */ = {
			isa = PBXGroup;
			children = (
				03C02EB12AA8E99600DA26BD /* Models */,
				03C02EB02AA8E98F00DA26BD /* Views */,
				03C02E802AA6689800DA26BD /* DraughtsAppApp.swift */,
				03C02E842AA6689B00DA26BD /* Assets.xcassets */,
				03C02E862AA6689B00DA26BD /* Preview Content */,
			);
			path = DraughtsApp;
			sourceTree = "<group>";
		};
		03C02E862AA6689B00DA26BD /* Preview Content */ = {
			isa = PBXGroup;
			children = (
				03C02E872AA6689B00DA26BD /* Preview Assets.xcassets */,
			);
			path = "Preview Content";
			sourceTree = "<group>";
		};
		03C02E902AA6689B00DA26BD /* DraughtsAppTests */ = {
			isa = PBXGroup;
			children = (
				03C02E912AA6689B00DA26BD /* DraughtsAppTests.swift */,
			);
			path = DraughtsAppTests;
			sourceTree = "<group>";
		};
		03C02E9A2AA6689B00DA26BD /* DraughtsAppUITests */ = {
			isa = PBXGroup;
			children = (
				03C02E9B2AA6689B00DA26BD /* DraughtsAppUITests.swift */,
				03C02E9D2AA6689B00DA26BD /* DraughtsAppUITestsLaunchTests.swift */,
			);
			path = DraughtsAppUITests;
			sourceTree = "<group>";
		};
		03C02EB02AA8E98F00DA26BD /* Views */ = {
			isa = PBXGroup;
			children = (
				03C02E822AA6689800DA26BD /* WelcomeView.swift */,
				03C02EB42AA8EBB700DA26BD /* GameModeView.swift */,
				03C02EBC2AACC17700DA26BD /* StatsView.swift */,
				03C02EBE2AACC1E500DA26BD /* BoardView.swift */,
			);
			path = Views;
			sourceTree = "<group>";
		};
		03C02EB12AA8E99600DA26BD /* Models */ = {
			isa = PBXGroup;
			children = (
				03C02EC22AAE4D7000DA26BD /* Utils.swift */,
			);
			path = Models;
			sourceTree = "<group>";
		};
/* End PBXGroup section */

/* Begin PBXNativeTarget section */
		03C02E7C2AA6689800DA26BD /* DraughtsApp */ = {
			isa = PBXNativeTarget;
			buildConfigurationList = 03C02EA12AA6689B00DA26BD /* Build configuration list for PBXNativeTarget "DraughtsApp" */;
			buildPhases = (
				03C02E792AA6689800DA26BD /* Sources */,
				03C02E7A2AA6689800DA26BD /* Frameworks */,
				03C02E7B2AA6689800DA26BD /* Resources */,
			);
			buildRules = (
			);
			dependencies = (
			);
			name = DraughtsApp;
			productName = DraughtsApp;
			productReference = 03C02E7D2AA6689800DA26BD /* DraughtsApp.app */;
			productType = "com.apple.product-type.application";
		};
		03C02E8C2AA6689B00DA26BD /* DraughtsAppTests */ = {
			isa = PBXNativeTarget;
			buildConfigurationList = 03C02EA42AA6689B00DA26BD /* Build configuration list for PBXNativeTarget "DraughtsAppTests" */;
			buildPhases = (
				03C02E892AA6689B00DA26BD /* Sources */,
				03C02E8A2AA6689B00DA26BD /* Frameworks */,
				03C02E8B2AA6689B00DA26BD /* Resources */,
			);
			buildRules = (
			);
			dependencies = (
				03C02E8F2AA6689B00DA26BD /* PBXTargetDependency */,
			);
			name = DraughtsAppTests;
			productName = DraughtsAppTests;
			productReference = 03C02E8D2AA6689B00DA26BD /* DraughtsAppTests.xctest */;
			productType = "com.apple.product-type.bundle.unit-test";
		};
		03C02E962AA6689B00DA26BD /* DraughtsAppUITests */ = {
			isa = PBXNativeTarget;
			buildConfigurationList = 03C02EA72AA6689B00DA26BD /* Build configuration list for PBXNativeTarget "DraughtsAppUITests" */;
			buildPhases = (
				03C02E932AA6689B00DA26BD /* Sources */,
				03C02E942AA6689B00DA26BD /* Frameworks */,
				03C02E952AA6689B00DA26BD /* Resources */,
			);
			buildRules = (
			);
			dependencies = (
				03C02E992AA6689B00DA26BD /* PBXTargetDependency */,
			);
			name = DraughtsAppUITests;
			productName = DraughtsAppUITests;
			productReference = 03C02E972AA6689B00DA26BD /* DraughtsAppUITests.xctest */;
			productType = "com.apple.product-type.bundle.ui-testing";
		};
/* End PBXNativeTarget section */

/* Begin PBXProject section */
		03C02E752AA6689800DA26BD /* Project object */ = {
			isa = PBXProject;
			attributes = {
				BuildIndependentTargetsInParallel = 1;
				LastSwiftUpdateCheck = 1430;
				LastUpgradeCheck = 1430;
				TargetAttributes = {
					03C02E7C2AA6689800DA26BD = {
						CreatedOnToolsVersion = 14.3.1;
					};
					03C02E8C2AA6689B00DA26BD = {
						CreatedOnToolsVersion = 14.3.1;
						TestTargetID = 03C02E7C2AA6689800DA26BD;
					};
					03C02E962AA6689B00DA26BD = {
						CreatedOnToolsVersion = 14.3.1;
						TestTargetID = 03C02E7C2AA6689800DA26BD;
					};
				};
			};
			buildConfigurationList = 03C02E782AA6689800DA26BD /* Build configuration list for PBXProject "DraughtsApp" */;
			compatibilityVersion = "Xcode 14.0";
			developmentRegion = en;
			hasScannedForEncodings = 0;
			knownRegions = (
				en,
				Base,
			);
			mainGroup = 03C02E742AA6689800DA26BD;
			productRefGroup = 03C02E7E2AA6689800DA26BD /* Products */;
			projectDirPath = "";
			projectRoot = "";
			targets = (
				03C02E7C2AA6689800DA26BD /* DraughtsApp */,
				03C02E8C2AA6689B00DA26BD /* DraughtsAppTests */,
				03C02E962AA6689B00DA26BD /* DraughtsAppUITests */,
			);
		};
/* End PBXProject section */

/* Begin PBXResourcesBuildPhase section */
		03C02E7B2AA6689800DA26BD /* Resources */ = {
			isa = PBXResourcesBuildPhase;
			buildActionMask = 2147483647;
			files = (
				03C02E882AA6689B00DA26BD /* Preview Assets.xcassets in Resources */,
				03C02E852AA6689B00DA26BD /* Assets.xcassets in Resources */,
			);
			runOnlyForDeploymentPostprocessing = 0;
		};
		03C02E8B2AA6689B00DA26BD /* Resources */ = {
			isa = PBXResourcesBuildPhase;
			buildActionMask = 2147483647;
			files = (
			);
			runOnlyForDeploymentPostprocessing = 0;
		};
		03C02E952AA6689B00DA26BD /* Resources */ = {
			isa = PBXResourcesBuildPhase;
			buildActionMask = 2147483647;
			files = (
			);
			runOnlyForDeploymentPostprocessing = 0;
		};
/* End PBXResourcesBuildPhase section */

/* Begin PBXSourcesBuildPhase section */
		03C02E792AA6689800DA26BD /* Sources */ = {
			isa = PBXSourcesBuildPhase;
			buildActionMask = 2147483647;
			files = (
				03C02EBD2AACC17700DA26BD /* StatsView.swift in Sources */,
				03C02EB52AA8EBB700DA26BD /* GameModeView.swift in Sources */,
				03C02EBF2AACC1E500DA26BD /* BoardView.swift in Sources */,
				03C02E832AA6689800DA26BD /* WelcomeView.swift in Sources */,
				03C02E812AA6689800DA26BD /* DraughtsAppApp.swift in Sources */,
				03C02EC32AAE4D7000DA26BD /* Utils.swift in Sources */,
			);
			runOnlyForDeploymentPostprocessing = 0;
		};
		03C02E892AA6689B00DA26BD /* Sources */ = {
			isa = PBXSourcesBuildPhase;
			buildActionMask = 2147483647;
			files = (
				03C02E922AA6689B00DA26BD /* DraughtsAppTests.swift in Sources */,
			);
			runOnlyForDeploymentPostprocessing = 0;
		};
		03C02E932AA6689B00DA26BD /* Sources */ = {
			isa = PBXSourcesBuildPhase;
			buildActionMask = 2147483647;
			files = (
				03C02E9E2AA6689B00DA26BD /* DraughtsAppUITestsLaunchTests.swift in Sources */,
				03C02E9C2AA6689B00DA26BD /* DraughtsAppUITests.swift in Sources */,
			);
			runOnlyForDeploymentPostprocessing = 0;
		};
/* End PBXSourcesBuildPhase section */

/* Begin PBXTargetDependency section */
		03C02E8F2AA6689B00DA26BD /* PBXTargetDependency */ = {
			isa = PBXTargetDependency;
			target = 03C02E7C2AA6689800DA26BD /* DraughtsApp */;
			targetProxy = 03C02E8E2AA6689B00DA26BD /* PBXContainerItemProxy */;
		};
		03C02E992AA6689B00DA26BD /* PBXTargetDependency */ = {
			isa = PBXTargetDependency;
			target = 03C02E7C2AA6689800DA26BD /* DraughtsApp */;
			targetProxy = 03C02E982AA6689B00DA26BD /* PBXContainerItemProxy */;
		};
/* End PBXTargetDependency section */

/* Begin XCBuildConfiguration section */
		03C02E9F2AA6689B00DA26BD /* Debug */ = {
			isa = XCBuildConfiguration;
			buildSettings = {
				ALWAYS_SEARCH_USER_PATHS = NO;
				CLANG_ANALYZER_NONNULL = YES;
				CLANG_ANALYZER_NUMBER_OBJECT_CONVERSION = YES_AGGRESSIVE;
				CLANG_CXX_LANGUAGE_STANDARD = "gnu++20";
				CLANG_ENABLE_MODULES = YES;
				CLANG_ENABLE_OBJC_ARC = YES;
				CLANG_ENABLE_OBJC_WEAK = YES;
				CLANG_WARN_BLOCK_CAPTURE_AUTORELEASING = YES;
				CLANG_WARN_BOOL_CONVERSION = YES;
				CLANG_WARN_COMMA = YES;
				CLANG_WARN_CONSTANT_CONVERSION = YES;
				CLANG_WARN_DEPRECATED_OBJC_IMPLEMENTATIONS = YES;
				CLANG_WARN_DIRECT_OBJC_ISA_USAGE = YES_ERROR;
				CLANG_WARN_DOCUMENTATION_COMMENTS = YES;
				CLANG_WARN_EMPTY_BODY = YES;
				CLANG_WARN_ENUM_CONVERSION = YES;
				CLANG_WARN_INFINITE_RECURSION = YES;
				CLANG_WARN_INT_CONVERSION = YES;
				CLANG_WARN_NON_LITERAL_NULL_CONVERSION = YES;
				CLANG_WARN_OBJC_IMPLICIT_RETAIN_SELF = YES;
				CLANG_WARN_OBJC_LITERAL_CONVERSION = YES;
				CLANG_WARN_OBJC_ROOT_CLASS = YES_ERROR;
				CLANG_WARN_QUOTED_INCLUDE_IN_FRAMEWORK_HEADER = YES;
				CLANG_WARN_RANGE_LOOP_ANALYSIS = YES;
				CLANG_WARN_STRICT_PROTOTYPES = YES;
				CLANG_WARN_SUSPICIOUS_MOVE = YES;
				CLANG_WARN_UNGUARDED_AVAILABILITY = YES_AGGRESSIVE;
				CLANG_WARN_UNREACHABLE_CODE = YES;
				CLANG_WARN__DUPLICATE_METHOD_MATCH = YES;
				COPY_PHASE_STRIP = NO;
				DEBUG_INFORMATION_FORMAT = dwarf;
				ENABLE_STRICT_OBJC_MSGSEND = YES;
				ENABLE_TESTABILITY = YES;
				GCC_C_LANGUAGE_STANDARD = gnu11;
				GCC_DYNAMIC_NO_PIC = NO;
				GCC_NO_COMMON_BLOCKS = YES;
				GCC_OPTIMIZATION_LEVEL = 0;
				GCC_PREPROCESSOR_DEFINITIONS = (
					"DEBUG=1",
					"$(inherited)",
				);
				GCC_WARN_64_TO_32_BIT_CONVERSION = YES;
				GCC_WARN_ABOUT_RETURN_TYPE = YES_ERROR;
				GCC_WARN_UNDECLARED_SELECTOR = YES;
				GCC_WARN_UNINITIALIZED_AUTOS = YES_AGGRESSIVE;
				GCC_WARN_UNUSED_FUNCTION = YES;
				GCC_WARN_UNUSED_VARIABLE = YES;
				IPHONEOS_DEPLOYMENT_TARGET = 16.4;
				MTL_ENABLE_DEBUG_INFO = INCLUDE_SOURCE;
				MTL_FAST_MATH = YES;
				ONLY_ACTIVE_ARCH = YES;
				SDKROOT = iphoneos;
				SWIFT_ACTIVE_COMPILATION_CONDITIONS = DEBUG;
				SWIFT_OPTIMIZATION_LEVEL = "-Onone";
			};
			name = Debug;
		};
		03C02EA02AA6689B00DA26BD /* Release */ = {
			isa = XCBuildConfiguration;
			buildSettings = {
				ALWAYS_SEARCH_USER_PATHS = NO;
				CLANG_ANALYZER_NONNULL = YES;
				CLANG_ANALYZER_NUMBER_OBJECT_CONVERSION = YES_AGGRESSIVE;
				CLANG_CXX_LANGUAGE_STANDARD = "gnu++20";
				CLANG_ENABLE_MODULES = YES;
				CLANG_ENABLE_OBJC_ARC = YES;
				CLANG_ENABLE_OBJC_WEAK = YES;
				CLANG_WARN_BLOCK_CAPTURE_AUTORELEASING = YES;
				CLANG_WARN_BOOL_CONVERSION = YES;
				CLANG_WARN_COMMA = YES;
				CLANG_WARN_CONSTANT_CONVERSION = YES;
				CLANG_WARN_DEPRECATED_OBJC_IMPLEMENTATIONS = YES;
				CLANG_WARN_DIRECT_OBJC_ISA_USAGE = YES_ERROR;
				CLANG_WARN_DOCUMENTATION_COMMENTS = YES;
				CLANG_WARN_EMPTY_BODY = YES;
				CLANG_WARN_ENUM_CONVERSION = YES;
				CLANG_WARN_INFINITE_RECURSION = YES;
				CLANG_WARN_INT_CONVERSION = YES;
				CLANG_WARN_NON_LITERAL_NULL_CONVERSION = YES;
				CLANG_WARN_OBJC_IMPLICIT_RETAIN_SELF = YES;
				CLANG_WARN_OBJC_LITERAL_CONVERSION = YES;
				CLANG_WARN_OBJC_ROOT_CLASS = YES_ERROR;
				CLANG_WARN_QUOTED_INCLUDE_IN_FRAMEWORK_HEADER = YES;
				CLANG_WARN_RANGE_LOOP_ANALYSIS = YES;
				CLANG_WARN_STRICT_PROTOTYPES = YES;
				CLANG_WARN_SUSPICIOUS_MOVE = YES;
				CLANG_WARN_UNGUARDED_AVAILABILITY = YES_AGGRESSIVE;
				CLANG_WARN_UNREACHABLE_CODE = YES;
				CLANG_WARN__DUPLICATE_METHOD_MATCH = YES;
				COPY_PHASE_STRIP = NO;
				DEBUG_INFORMATION_FORMAT = "dwarf-with-dsym";
				ENABLE_NS_ASSERTIONS = NO;
				ENABLE_STRICT_OBJC_MSGSEND = YES;
				GCC_C_LANGUAGE_STANDARD = gnu11;
				GCC_NO_COMMON_BLOCKS = YES;
				GCC_WARN_64_TO_32_BIT_CONVERSION = YES;
				GCC_WARN_ABOUT_RETURN_TYPE = YES_ERROR;
				GCC_WARN_UNDECLARED_SELECTOR = YES;
				GCC_WARN_UNINITIALIZED_AUTOS = YES_AGGRESSIVE;
				GCC_WARN_UNUSED_FUNCTION = YES;
				GCC_WARN_UNUSED_VARIABLE = YES;
				IPHONEOS_DEPLOYMENT_TARGET = 16.4;
				MTL_ENABLE_DEBUG_INFO = NO;
				MTL_FAST_MATH = YES;
				SDKROOT = iphoneos;
				SWIFT_COMPILATION_MODE = wholemodule;
				SWIFT_OPTIMIZATION_LEVEL = "-O";
				VALIDATE_PRODUCT = YES;
			};
			name = Release;
		};
		03C02EA22AA6689B00DA26BD /* Debug */ = {
			isa = XCBuildConfiguration;
			buildSettings = {
				ASSETCATALOG_COMPILER_APPICON_NAME = AppIcon;
				ASSETCATALOG_COMPILER_GLOBAL_ACCENT_COLOR_NAME = AccentColor;
				CODE_SIGN_STYLE = Automatic;
				CURRENT_PROJECT_VERSION = 1;
				DEVELOPMENT_ASSET_PATHS = "\"DraughtsApp/Preview Content\"";
				DEVELOPMENT_TEAM = 68W4AKL2MS;
				ENABLE_PREVIEWS = YES;
				GENERATE_INFOPLIST_FILE = YES;
				INFOPLIST_KEY_UIApplicationSceneManifest_Generation = YES;
				INFOPLIST_KEY_UIApplicationSupportsIndirectInputEvents = YES;
				INFOPLIST_KEY_UILaunchScreen_Generation = YES;
				INFOPLIST_KEY_UISupportedInterfaceOrientations_iPad = "UIInterfaceOrientationPortrait UIInterfaceOrientationPortraitUpsideDown UIInterfaceOrientationLandscapeLeft UIInterfaceOrientationLandscapeRight";
				INFOPLIST_KEY_UISupportedInterfaceOrientations_iPhone = "UIInterfaceOrientationPortrait UIInterfaceOrientationLandscapeLeft UIInterfaceOrientationLandscapeRight";
				LD_RUNPATH_SEARCH_PATHS = (
					"$(inherited)",
					"@executable_path/Frameworks",
				);
				MARKETING_VERSION = 1.0;
				PRODUCT_BUNDLE_IDENTIFIER = com.vanluhurla.DraughtsApp;
				PRODUCT_NAME = "$(TARGET_NAME)";
				SWIFT_EMIT_LOC_STRINGS = YES;
				SWIFT_VERSION = 5.0;
				TARGETED_DEVICE_FAMILY = "1,2";
			};
			name = Debug;
		};
		03C02EA32AA6689B00DA26BD /* Release */ = {
			isa = XCBuildConfiguration;
			buildSettings = {
				ASSETCATALOG_COMPILER_APPICON_NAME = AppIcon;
				ASSETCATALOG_COMPILER_GLOBAL_ACCENT_COLOR_NAME = AccentColor;
				CODE_SIGN_STYLE = Automatic;
				CURRENT_PROJECT_VERSION = 1;
				DEVELOPMENT_ASSET_PATHS = "\"DraughtsApp/Preview Content\"";
				DEVELOPMENT_TEAM = 68W4AKL2MS;
				ENABLE_PREVIEWS = YES;
				GENERATE_INFOPLIST_FILE = YES;
				INFOPLIST_KEY_UIApplicationSceneManifest_Generation = YES;
				INFOPLIST_KEY_UIApplicationSupportsIndirectInputEvents = YES;
				INFOPLIST_KEY_UILaunchScreen_Generation = YES;
				INFOPLIST_KEY_UISupportedInterfaceOrientations_iPad = "UIInterfaceOrientationPortrait UIInterfaceOrientationPortraitUpsideDown UIInterfaceOrientationLandscapeLeft UIInterfaceOrientationLandscapeRight";
				INFOPLIST_KEY_UISupportedInterfaceOrientations_iPhone = "UIInterfaceOrientationPortrait UIInterfaceOrientationLandscapeLeft UIInterfaceOrientationLandscapeRight";
				LD_RUNPATH_SEARCH_PATHS = (
					"$(inherited)",
					"@executable_path/Frameworks",
				);
				MARKETING_VERSION = 1.0;
				PRODUCT_BUNDLE_IDENTIFIER = com.vanluhurla.DraughtsApp;
				PRODUCT_NAME = "$(TARGET_NAME)";
				SWIFT_EMIT_LOC_STRINGS = YES;
				SWIFT_VERSION = 5.0;
				TARGETED_DEVICE_FAMILY = "1,2";
			};
			name = Release;
		};
		03C02EA52AA6689B00DA26BD /* Debug */ = {
			isa = XCBuildConfiguration;
			buildSettings = {
				ALWAYS_EMBED_SWIFT_STANDARD_LIBRARIES = YES;
				BUNDLE_LOADER = "$(TEST_HOST)";
				CODE_SIGN_STYLE = Automatic;
				CURRENT_PROJECT_VERSION = 1;
				DEVELOPMENT_TEAM = 68W4AKL2MS;
				GENERATE_INFOPLIST_FILE = YES;
				IPHONEOS_DEPLOYMENT_TARGET = 16.4;
				MARKETING_VERSION = 1.0;
				PRODUCT_BUNDLE_IDENTIFIER = com.vanluhurla.DraughtsAppTests;
				PRODUCT_NAME = "$(TARGET_NAME)";
				SWIFT_EMIT_LOC_STRINGS = NO;
				SWIFT_VERSION = 5.0;
				TARGETED_DEVICE_FAMILY = "1,2";
				TEST_HOST = "$(BUILT_PRODUCTS_DIR)/DraughtsApp.app/$(BUNDLE_EXECUTABLE_FOLDER_PATH)/DraughtsApp";
			};
			name = Debug;
		};
		03C02EA62AA6689B00DA26BD /* Release */ = {
			isa = XCBuildConfiguration;
			buildSettings = {
				ALWAYS_EMBED_SWIFT_STANDARD_LIBRARIES = YES;
				BUNDLE_LOADER = "$(TEST_HOST)";
				CODE_SIGN_STYLE = Automatic;
				CURRENT_PROJECT_VERSION = 1;
				DEVELOPMENT_TEAM = 68W4AKL2MS;
				GENERATE_INFOPLIST_FILE = YES;
				IPHONEOS_DEPLOYMENT_TARGET = 16.4;
				MARKETING_VERSION = 1.0;
				PRODUCT_BUNDLE_IDENTIFIER = com.vanluhurla.DraughtsAppTests;
				PRODUCT_NAME = "$(TARGET_NAME)";
				SWIFT_EMIT_LOC_STRINGS = NO;
				SWIFT_VERSION = 5.0;
				TARGETED_DEVICE_FAMILY = "1,2";
				TEST_HOST = "$(BUILT_PRODUCTS_DIR)/DraughtsApp.app/$(BUNDLE_EXECUTABLE_FOLDER_PATH)/DraughtsApp";
			};
			name = Release;
		};
		03C02EA82AA6689B00DA26BD /* Debug */ = {
			isa = XCBuildConfiguration;
			buildSettings = {
				ALWAYS_EMBED_SWIFT_STANDARD_LIBRARIES = YES;
				CODE_SIGN_STYLE = Automatic;
				CURRENT_PROJECT_VERSION = 1;
				DEVELOPMENT_TEAM = 68W4AKL2MS;
				GENERATE_INFOPLIST_FILE = YES;
				MARKETING_VERSION = 1.0;
				PRODUCT_BUNDLE_IDENTIFIER = com.vanluhurla.DraughtsAppUITests;
				PRODUCT_NAME = "$(TARGET_NAME)";
				SWIFT_EMIT_LOC_STRINGS = NO;
				SWIFT_VERSION = 5.0;
				TARGETED_DEVICE_FAMILY = "1,2";
				TEST_TARGET_NAME = DraughtsApp;
			};
			name = Debug;
		};
		03C02EA92AA6689B00DA26BD /* Release */ = {
			isa = XCBuildConfiguration;
			buildSettings = {
				ALWAYS_EMBED_SWIFT_STANDARD_LIBRARIES = YES;
				CODE_SIGN_STYLE = Automatic;
				CURRENT_PROJECT_VERSION = 1;
				DEVELOPMENT_TEAM = 68W4AKL2MS;
				GENERATE_INFOPLIST_FILE = YES;
				MARKETING_VERSION = 1.0;
				PRODUCT_BUNDLE_IDENTIFIER = com.vanluhurla.DraughtsAppUITests;
				PRODUCT_NAME = "$(TARGET_NAME)";
				SWIFT_EMIT_LOC_STRINGS = NO;
				SWIFT_VERSION = 5.0;
				TARGETED_DEVICE_FAMILY = "1,2";
				TEST_TARGET_NAME = DraughtsApp;
			};
			name = Release;
		};
/* End XCBuildConfiguration section */

/* Begin XCConfigurationList section */
		03C02E782AA6689800DA26BD /* Build configuration list for PBXProject "DraughtsApp" */ = {
			isa = XCConfigurationList;
			buildConfigurations = (
				03C02E9F2AA6689B00DA26BD /* Debug */,
				03C02EA02AA6689B00DA26BD /* Release */,
			);
			defaultConfigurationIsVisible = 0;
			defaultConfigurationName = Release;
		};
		03C02EA12AA6689B00DA26BD /* Build configuration list for PBXNativeTarget "DraughtsApp" */ = {
			isa = XCConfigurationList;
			buildConfigurations = (
				03C02EA22AA6689B00DA26BD /* Debug */,
				03C02EA32AA6689B00DA26BD /* Release */,
			);
			defaultConfigurationIsVisible = 0;
			defaultConfigurationName = Release;
		};
		03C02EA42AA6689B00DA26BD /* Build configuration list for PBXNativeTarget "DraughtsAppTests" */ = {
			isa = XCConfigurationList;
			buildConfigurations = (
				03C02EA52AA6689B00DA26BD /* Debug */,
				03C02EA62AA6689B00DA26BD /* Release */,
			);
			defaultConfigurationIsVisible = 0;
			defaultConfigurationName = Release;
		};
		03C02EA72AA6689B00DA26BD /* Build configuration list for PBXNativeTarget "DraughtsAppUITests" */ = {
			isa = XCConfigurationList;
			buildConfigurations = (
				03C02EA82AA6689B00DA26BD /* Debug */,
				03C02EA92AA6689B00DA26BD /* Release */,
			);
			defaultConfigurationIsVisible = 0;
			defaultConfigurationName = Release;
		};
/* End XCConfigurationList section */
	};
	rootObject = 03C02E752AA6689800DA26BD /* Project object */;
}
